
Microsoft Visual Studio Solution File, Format Version 12.00
# Visual Studio Version 17
VisualStudioVersion = 17.7.34202.233
MinimumVisualStudioVersion = 10.0.40219.1
Project("{00D1A9C2-B5F0-4AF3-8072-F6C62B433612}") = "HotelAppDB", "HotelAppDB\HotelAppDB.sqlproj", "{013710B3-1B77-4C2C-B141-D0A098E3FA21}"
EndProject
Project("{9A19103F-16F7-4668-BE54-9A1E7A4F7556}") = "HotelAppLibrary", "HotelAppLibrary\HotelAppLibrary.csproj", "{B39F1603-BB59-41EE-BB0A-D825C0B86939}"
EndProject
Project("{FAE04EC0-301F-11D3-BF4B-00C04F79EFBC}") = "HotelAppWeb", "HotelAppWeb\HotelAppWeb.csproj", "{C9D33ECB-00A7-4141-B2F3-29E170BE18F5}"
EndProject
Global
	GlobalSection(SolutionConfigurationPlatforms) = preSolution
		Debug|Any CPU = Debug|Any CPU
		Release|Any CPU = Release|Any CPU
	EndGlobalSection
	GlobalSection(ProjectConfigurationPlatforms) = postSolution
		{013710B3-1B77-4C2C-B141-D0A098E3FA21}.Debug|Any CPU.ActiveCfg = Debug|Any CPU
		{013710B3-1B77-4C2C-B141-D0A098E3FA21}.Debug|Any CPU.Build.0 = Debug|Any CPU
		{013710B3-1B77-4C2C-B141-D0A098E3FA21}.Debug|Any CPU.Deploy.0 = Debug|Any CPU
		{013710B3-1B77-4C2C-B141-D0A098E3FA21}.Release|Any CPU.ActiveCfg = Release|Any CPU
		{013710B3-1B77-4C2C-B141-D0A098E3FA21}.Release|Any CPU.Build.0 = Release|Any CPU
		{013710B3-1B77-4C2C-B141-D0A098E3FA21}.Release|Any CPU.Deploy.0 = Release|Any CPU
		{B39F1603-BB59-41EE-BB0A-D825C0B86939}.Debug|Any CPU.ActiveCfg = Debug|Any CPU
		{B39F1603-BB59-41EE-BB0A-D825C0B86939}.Debug|Any CPU.Build.0 = Debug|Any CPU
		{B39F1603-BB59-41EE-BB0A-D825C0B86939}.Release|Any CPU.ActiveCfg = Release|Any CPU
		{B39F1603-BB59-41EE-BB0A-D825C0B86939}.Release|Any CPU.Build.0 = Release|Any CPU
		{C9D33ECB-00A7-4141-B2F3-29E170BE18F5}.Debug|Any CPU.ActiveCfg = Debug|Any CPU
		{C9D33ECB-00A7-4141-B2F3-29E170BE18F5}.Debug|Any CPU.Build.0 = Debug|Any CPU
		{C9D33ECB-00A7-4141-B2F3-29E170BE18F5}.Release|Any CPU.ActiveCfg = Release|Any CPU
		{C9D33ECB-00A7-4141-B2F3-29E170BE18F5}.Release|Any CPU.Build.0 = Release|Any CPU
	EndGlobalSection
	GlobalSection(SolutionProperties) = preSolution
		HideSolutionNode = FALSE
	EndGlobalSection
	GlobalSection(ExtensibilityGlobals) = postSolution
		SolutionGuid = {3723F172-3D64-47A9-8AFB-F49290B39046}
	EndGlobalSection
EndGlobal
